
Microsoft Visual Studio Solution File, Format Version 12.00
# Visual Studio Version 17
VisualStudioVersion = 17.8.34330.188
MinimumVisualStudioVersion = 10.0.40219.1
Project("{FAE04EC0-301F-11D3-BF4B-00C04F79EFBC}") = "PongV2", "PongV2\PongV2.csproj", "{3F43AF63-EBCD-42BE-B122-D98F90A7AD14}"
EndProject
Global
	GlobalSection(SolutionConfigurationPlatforms) = preSolution
		Debug|Any CPU = Debug|Any CPU
		Release|Any CPU = Release|Any CPU
	EndGlobalSection
	GlobalSection(ProjectConfigurationPlatforms) = postSolution
		{3F43AF63-EBCD-42BE-B122-D98F90A7AD14}.Debug|Any CPU.ActiveCfg = Debug|Any CPU
		{3F43AF63-EBCD-42BE-B122-D98F90A7AD14}.Debug|Any CPU.Build.0 = Debug|Any CPU
		{3F43AF63-EBCD-42BE-B122-D98F90A7AD14}.Release|Any CPU.ActiveCfg = Release|Any CPU
		{3F43AF63-EBCD-42BE-B122-D98F90A7AD14}.Release|Any CPU.Build.0 = Release|Any CPU
	EndGlobalSection
	GlobalSection(SolutionProperties) = preSolution
		HideSolutionNode = FALSE
	EndGlobalSection
	GlobalSection(ExtensibilityGlobals) = postSolution
		SolutionGuid = {B02DCA24-5360-4475-A384-1477D6C55A9A}
	EndGlobalSection
EndGlobal
